{
  "socketPath": "/tmp/mcp-gtx99E/mcp.sock",
  "scheme": "unix",
  "headers": {
    "Authorization": "Nonce 288b814a-bc67-45eb-bdb0-fad3d59b79b8"
  },
  "pid": 3813546,
  "ideName": "Visual Studio Code",
  "timestamp": 1774460738250,
  "workspaceFolders": [
    "/home/vuola"
  ],
  "isTrusted": true
}