{
  "socketPath": "/tmp/mcp-X0xhc3/mcp.sock",
  "scheme": "unix",
  "headers": {
    "Authorization": "Nonce 47045d64-c7f8-477b-8b81-b9ca3b2bcb1b"
  },
  "pid": 1049032,
  "ideName": "Visual Studio Code",
  "timestamp": 1774264759258,
  "workspaceFolders": [
    "/home/vuola"
  ],
  "isTrusted": true
}